{
  "originHash" : "d6e697ed61148b5ed6f7c38d488b1cba990cb1cdbc72aa1498ab6cb2f08d01d5",
  "pins" : [
    {
      "identity" : "coretextswift",
      "kind" : "remoteSourceControl",
      "location" : "https://github.com/krzyzanowskim/CoreTextSwift",
      "state" : {
        "revision" : "833177201d6421e6322296f39fce6ff6ae52618a",
        "version" : "0.2.0"
      }
    },
    {
      "identity" : "posthog-ios",
      "kind" : "remoteSourceControl",
      "location" : "https://github.com/PostHog/posthog-ios.git",
      "state" : {
        "revision" : "5afb749442ecf7798a725ccd30342d94abb5e57f",
        "version" : "3.41.0"
      }
    },
    {
      "identity" : "sentry-cocoa",
      "kind" : "remoteSourceControl",
      "location" : "https://github.com/getsentry/sentry-cocoa.git",
      "state" : {
        "revision" : "a24b98028b0b6e81bfd0526967468ba4ba60303c",
        "version" : "9.3.0"
      }
    },
    {
      "identity" : "sparkle",
      "kind" : "remoteSourceControl",
      "location" : "https://github.com/sparkle-project/Sparkle",
      "state" : {
        "revision" : "5581748cef2bae787496fe6d61139aebe0a451f6",
        "version" : "2.8.1"
      }
    },
    {
      "identity" : "sttextkitplus",
      "kind" : "remoteSourceControl",
      "location" : "https://github.com/krzyzanowskim/STTextKitPlus",
      "state" : {
        "revision" : "2ee74906f4d753458eeaa9a2f6d4538aacb86a1d",
        "version" : "0.3.0"
      }
    },
    {
      "identity" : "sttextview",
      "kind" : "remoteSourceControl",
      "location" : "https://github.com/krzyzanowskim/STTextView",
      "state" : {
        "revision" : "c36bf60f098f05d82d16dd4a7fe5135ef0678706",
        "version" : "2.3.9"
      }
    }
  ],
  "version" : 3
}
